
Microsoft Visual Studio Solution File, Format Version 12.00
# Visual Studio 15
VisualStudioVersion = 15.0.27703.2000
MinimumVisualStudioVersion = 10.0.40219.1
Project("{FAE04EC0-301F-11D3-BF4B-00C04F79EFBC}") = "Noice", "Noice.csproj", "{4FEF6AC1-B368-4A85-9E6A-8945624DD782}"
EndProject
Global
	GlobalSection(SolutionConfigurationPlatforms) = preSolution
		Debug|Any CPU = Debug|Any CPU
		Release|Any CPU = Release|Any CPU
	EndGlobalSection
	GlobalSection(ProjectConfigurationPlatforms) = postSolution
		{4FEF6AC1-B368-4A85-9E6A-8945624DD782}.Debug|Any CPU.ActiveCfg = Debug|Any CPU
		{4FEF6AC1-B368-4A85-9E6A-8945624DD782}.Debug|Any CPU.Build.0 = Debug|Any CPU
		{4FEF6AC1-B368-4A85-9E6A-8945624DD782}.Release|Any CPU.ActiveCfg = Release|Any CPU
		{4FEF6AC1-B368-4A85-9E6A-8945624DD782}.Release|Any CPU.Build.0 = Release|Any CPU
	EndGlobalSection
	GlobalSection(SolutionProperties) = preSolution
		HideSolutionNode = FALSE
	EndGlobalSection
	GlobalSection(ExtensibilityGlobals) = postSolution
		SolutionGuid = {4436FC68-23E4-4910-9E54-AA4FB43919A0}
	EndGlobalSection
EndGlobal
